// !$*UTF8*$!
{
	archiveVersion = 1;
	classes = {
	};
	objectVersion = 55;
	objects = {

/* Begin PBXBuildFile section */
		64165653292B900700905184 /* Float+Extension.swift in Sources */ = {isa = PBXBuildFile; fileRef = 64165652292B900700905184 /* Float+Extension.swift */; };
		64165655292B901200905184 /* String+Extension.swift in Sources */ = {isa = PBXBuildFile; fileRef = 64165654292B901200905184 /* String+Extension.swift */; };
		64207F29291A4C0A0027409E /* RestAccount.swift in Sources */ = {isa = PBXBuildFile; fileRef = 64207F28291A4C0A0027409E /* RestAccount.swift */; };
		64207F2B291A4C1A0027409E /* AccountMapper.swift in Sources */ = {isa = PBXBuildFile; fileRef = 64207F2A291A4C1A0027409E /* AccountMapper.swift */; };
		6422DA8828F20A5B002AC199 /* Color+Extension.swift in Sources */ = {isa = PBXBuildFile; fileRef = 6422DA8728F20A5B002AC199 /* Color+Extension.swift */; };
		643DE79C2861B25B008808FB /* NewTransactionView.swift in Sources */ = {isa = PBXBuildFile; fileRef = 643DE79B2861B25B008808FB /* NewTransactionView.swift */; };
		644F88C0284F441200F19AAF /* AccentButton.swift in Sources */ = {isa = PBXBuildFile; fileRef = 644F88BF284F441200F19AAF /* AccentButton.swift */; };
		645F7D51284B8F6E0073B070 /* Currency.swift in Sources */ = {isa = PBXBuildFile; fileRef = 645F7D50284B8F6E0073B070 /* Currency.swift */; };
		645F7D53284BA9330073B070 /* CurrencySelector.swift in Sources */ = {isa = PBXBuildFile; fileRef = 645F7D52284BA9330073B070 /* CurrencySelector.swift */; };
		645F7D57284BBBEC0073B070 /* AccountCreationView.swift in Sources */ = {isa = PBXBuildFile; fileRef = 645F7D56284BBBEC0073B070 /* AccountCreationView.swift */; };
		645F7D59284E26C70073B070 /* IconSelector.swift in Sources */ = {isa = PBXBuildFile; fileRef = 645F7D58284E26C70073B070 /* IconSelector.swift */; };
		645F7D5B284F3A300073B070 /* MainButton.swift in Sources */ = {isa = PBXBuildFile; fileRef = 645F7D5A284F3A300073B070 /* MainButton.swift */; };
		6471B8392912D9BF00B161EB /* SettingsScreen.swift in Sources */ = {isa = PBXBuildFile; fileRef = 6471B8382912D9BF00B161EB /* SettingsScreen.swift */; };
		64947947285E0DF600524334 /* AccountSelectorMenu.swift in Sources */ = {isa = PBXBuildFile; fileRef = 64947946285E0DF600524334 /* AccountSelectorMenu.swift */; };
		6499E913283D095A0072AA7D /* FinanceTrackerApp.swift in Sources */ = {isa = PBXBuildFile; fileRef = 6499E912283D095A0072AA7D /* FinanceTrackerApp.swift */; };
		6499E915283D095A0072AA7D /* HomeView.swift in Sources */ = {isa = PBXBuildFile; fileRef = 6499E914283D095A0072AA7D /* HomeView.swift */; };
		6499E917283D095E0072AA7D /* Assets.xcassets in Resources */ = {isa = PBXBuildFile; fileRef = 6499E916283D095E0072AA7D /* Assets.xcassets */; };
		6499E91A283D095E0072AA7D /* Preview Assets.xcassets in Resources */ = {isa = PBXBuildFile; fileRef = 6499E919283D095E0072AA7D /* Preview Assets.xcassets */; };
		64B844962859C2E200E2E7DE /* AccountDetailView.swift in Sources */ = {isa = PBXBuildFile; fileRef = 64B844952859C2E200E2E7DE /* AccountDetailView.swift */; };
		64BCE033290EC26900CF64E6 /* FeedbackFloatingButton.swift in Sources */ = {isa = PBXBuildFile; fileRef = 64BCE032290EC26900CF64E6 /* FeedbackFloatingButton.swift */; };
		64BCE035290ECAD800CF64E6 /* FeedbackFloatingButtonModifier.swift in Sources */ = {isa = PBXBuildFile; fileRef = 64BCE034290ECAD800CF64E6 /* FeedbackFloatingButtonModifier.swift */; };
		64BCE037290ED03400CF64E6 /* FeedbackView.swift in Sources */ = {isa = PBXBuildFile; fileRef = 64BCE036290ED03400CF64E6 /* FeedbackView.swift */; };
		64BCE039290EDF6400CF64E6 /* AirTableRepository.swift in Sources */ = {isa = PBXBuildFile; fileRef = 64BCE038290EDF6400CF64E6 /* AirTableRepository.swift */; };
		64BCE03B290EED7100CF64E6 /* API_KEY.swift in Sources */ = {isa = PBXBuildFile; fileRef = 64BCE03A290EED7100CF64E6 /* API_KEY.swift */; };
		64BCE03D290EF7E300CF64E6 /* PreferencesRepository.swift in Sources */ = {isa = PBXBuildFile; fileRef = 64BCE03C290EF7E300CF64E6 /* PreferencesRepository.swift */; };
		64BCE03F290EFB2900CF64E6 /* UserPreferences.swift in Sources */ = {isa = PBXBuildFile; fileRef = 64BCE03E290EFB2900CF64E6 /* UserPreferences.swift */; };
		64BD23FF28416D1500EC8E7D /* AccountCell.swift in Sources */ = {isa = PBXBuildFile; fileRef = 64BD23FE28416D1500EC8E7D /* AccountCell.swift */; };
		64BD2404284221FA00EC8E7D /* Account.swift in Sources */ = {isa = PBXBuildFile; fileRef = 64BD2403284221FA00EC8E7D /* Account.swift */; };
		64D738CC2845139A00F4512E /* PreviewData.swift in Sources */ = {isa = PBXBuildFile; fileRef = 64D738CB2845139A00F4512E /* PreviewData.swift */; };
		64D80D3A2850DA730058425D /* AccountList.swift in Sources */ = {isa = PBXBuildFile; fileRef = 64D80D392850DA730058425D /* AccountList.swift */; };
		64D80D3C285201DA0058425D /* Transaction.swift in Sources */ = {isa = PBXBuildFile; fileRef = 64D80D3B285201DA0058425D /* Transaction.swift */; };
		64D80D3E2852029A0058425D /* TransactionCell.swift in Sources */ = {isa = PBXBuildFile; fileRef = 64D80D3D2852029A0058425D /* TransactionCell.swift */; };
		64EE9FA22919093900616478 /* AmountKeyboardToolbar.swift in Sources */ = {isa = PBXBuildFile; fileRef = 64EE9FA12919093900616478 /* AmountKeyboardToolbar.swift */; };
		64EE9FA42919168500616478 /* Date+Extension.swift in Sources */ = {isa = PBXBuildFile; fileRef = 64EE9FA32919168500616478 /* Date+Extension.swift */; };
		64EE9FA6291936A100616478 /* IconSelectorScreen.swift in Sources */ = {isa = PBXBuildFile; fileRef = 64EE9FA5291936A100616478 /* IconSelectorScreen.swift */; };
		64EE9FA829194CEB00616478 /* IconCell.swift in Sources */ = {isa = PBXBuildFile; fileRef = 64EE9FA729194CEB00616478 /* IconCell.swift */; };
		64EE9FAA29195BA600616478 /* Icon.swift in Sources */ = {isa = PBXBuildFile; fileRef = 64EE9FA929195BA600616478 /* Icon.swift */; };
/* End PBXBuildFile section */

/* Begin PBXFileReference section */
		64165652292B900700905184 /* Float+Extension.swift */ = {isa = PBXFileReference; lastKnownFileType = sourcecode.swift; path = "Float+Extension.swift"; sourceTree = "<group>"; };
		64165654292B901200905184 /* String+Extension.swift */ = {isa = PBXFileReference; lastKnownFileType = sourcecode.swift; path = "String+Extension.swift"; sourceTree = "<group>"; };
		64207F28291A4C0A0027409E /* RestAccount.swift */ = {isa = PBXFileReference; lastKnownFileType = sourcecode.swift; path = RestAccount.swift; sourceTree = "<group>"; };
		64207F2A291A4C1A0027409E /* AccountMapper.swift */ = {isa = PBXFileReference; lastKnownFileType = sourcecode.swift; path = AccountMapper.swift; sourceTree = "<group>"; };
		6422DA8728F20A5B002AC199 /* Color+Extension.swift */ = {isa = PBXFileReference; lastKnownFileType = sourcecode.swift; path = "Color+Extension.swift"; sourceTree = "<group>"; };
		643DE79B2861B25B008808FB /* NewTransactionView.swift */ = {isa = PBXFileReference; lastKnownFileType = sourcecode.swift; path = NewTransactionView.swift; sourceTree = "<group>"; };
		644F88BF284F441200F19AAF /* AccentButton.swift */ = {isa = PBXFileReference; lastKnownFileType = sourcecode.swift; path = AccentButton.swift; sourceTree = "<group>"; };
		645F7D50284B8F6E0073B070 /* Currency.swift */ = {isa = PBXFileReference; lastKnownFileType = sourcecode.swift; path = Currency.swift; sourceTree = "<group>"; };
		645F7D52284BA9330073B070 /* CurrencySelector.swift */ = {isa = PBXFileReference; lastKnownFileType = sourcecode.swift; path = CurrencySelector.swift; sourceTree = "<group>"; };
		645F7D56284BBBEC0073B070 /* AccountCreationView.swift */ = {isa = PBXFileReference; lastKnownFileType = sourcecode.swift; path = AccountCreationView.swift; sourceTree = "<group>"; };
		645F7D58284E26C70073B070 /* IconSelector.swift */ = {isa = PBXFileReference; lastKnownFileType = sourcecode.swift; path = IconSelector.swift; sourceTree = "<group>"; };
		645F7D5A284F3A300073B070 /* MainButton.swift */ = {isa = PBXFileReference; lastKnownFileType = sourcecode.swift; path = MainButton.swift; sourceTree = "<group>"; };
		6471B8382912D9BF00B161EB /* SettingsScreen.swift */ = {isa = PBXFileReference; lastKnownFileType = sourcecode.swift; path = SettingsScreen.swift; sourceTree = "<group>"; };
		64947946285E0DF600524334 /* AccountSelectorMenu.swift */ = {isa = PBXFileReference; lastKnownFileType = sourcecode.swift; path = AccountSelectorMenu.swift; sourceTree = "<group>"; };
		6499E90F283D095A0072AA7D /* FinanceTracker.app */ = {isa = PBXFileReference; explicitFileType = wrapper.application; includeInIndex = 0; path = FinanceTracker.app; sourceTree = BUILT_PRODUCTS_DIR; };
		6499E912283D095A0072AA7D /* FinanceTrackerApp.swift */ = {isa = PBXFileReference; lastKnownFileType = sourcecode.swift; path = FinanceTrackerApp.swift; sourceTree = "<group>"; };
		6499E914283D095A0072AA7D /* HomeView.swift */ = {isa = PBXFileReference; lastKnownFileType = sourcecode.swift; path = HomeView.swift; sourceTree = "<group>"; };
		6499E916283D095E0072AA7D /* Assets.xcassets */ = {isa = PBXFileReference; lastKnownFileType = folder.assetcatalog; path = Assets.xcassets; sourceTree = "<group>"; };
		6499E919283D095E0072AA7D /* Preview Assets.xcassets */ = {isa = PBXFileReference; lastKnownFileType = folder.assetcatalog; path = "Preview Assets.xcassets"; sourceTree = "<group>"; };
		64B844952859C2E200E2E7DE /* AccountDetailView.swift */ = {isa = PBXFileReference; lastKnownFileType = sourcecode.swift; path = AccountDetailView.swift; sourceTree = "<group>"; };
		64BCE032290EC26900CF64E6 /* FeedbackFloatingButton.swift */ = {isa = PBXFileReference; lastKnownFileType = sourcecode.swift; path = FeedbackFloatingButton.swift; sourceTree = "<group>"; };
		64BCE034290ECAD800CF64E6 /* FeedbackFloatingButtonModifier.swift */ = {isa = PBXFileReference; lastKnownFileType = sourcecode.swift; path = FeedbackFloatingButtonModifier.swift; sourceTree = "<group>"; };
		64BCE036290ED03400CF64E6 /* FeedbackView.swift */ = {isa = PBXFileReference; lastKnownFileType = sourcecode.swift; path = FeedbackView.swift; sourceTree = "<group>"; };
		64BCE038290EDF6400CF64E6 /* AirTableRepository.swift */ = {isa = PBXFileReference; lastKnownFileType = sourcecode.swift; path = AirTableRepository.swift; sourceTree = "<group>"; };
		64BCE03A290EED7100CF64E6 /* API_KEY.swift */ = {isa = PBXFileReference; lastKnownFileType = sourcecode.swift; path = API_KEY.swift; sourceTree = "<group>"; };
		64BCE03C290EF7E300CF64E6 /* PreferencesRepository.swift */ = {isa = PBXFileReference; lastKnownFileType = sourcecode.swift; path = PreferencesRepository.swift; sourceTree = "<group>"; };
		64BCE03E290EFB2900CF64E6 /* UserPreferences.swift */ = {isa = PBXFileReference; lastKnownFileType = sourcecode.swift; path = UserPreferences.swift; sourceTree = "<group>"; };
		64BD23FE28416D1500EC8E7D /* AccountCell.swift */ = {isa = PBXFileReference; lastKnownFileType = sourcecode.swift; path = AccountCell.swift; sourceTree = "<group>"; };
		64BD2403284221FA00EC8E7D /* Account.swift */ = {isa = PBXFileReference; lastKnownFileType = sourcecode.swift; path = Account.swift; sourceTree = "<group>"; };
		64D738CB2845139A00F4512E /* PreviewData.swift */ = {isa = PBXFileReference; lastKnownFileType = sourcecode.swift; path = PreviewData.swift; sourceTree = "<group>"; };
		64D80D392850DA730058425D /* AccountList.swift */ = {isa = PBXFileReference; lastKnownFileType = sourcecode.swift; path = AccountList.swift; sourceTree = "<group>"; };
		64D80D3B285201DA0058425D /* Transaction.swift */ = {isa = PBXFileReference; lastKnownFileType = sourcecode.swift; path = Transaction.swift; sourceTree = "<group>"; };
		64D80D3D2852029A0058425D /* TransactionCell.swift */ = {isa = PBXFileReference; lastKnownFileType = sourcecode.swift; path = TransactionCell.swift; sourceTree = "<group>"; };
		64EE9FA12919093900616478 /* AmountKeyboardToolbar.swift */ = {isa = PBXFileReference; lastKnownFileType = sourcecode.swift; path = AmountKeyboardToolbar.swift; sourceTree = "<group>"; };
		64EE9FA32919168500616478 /* Date+Extension.swift */ = {isa = PBXFileReference; lastKnownFileType = sourcecode.swift; path = "Date+Extension.swift"; sourceTree = "<group>"; };
		64EE9FA5291936A100616478 /* IconSelectorScreen.swift */ = {isa = PBXFileReference; lastKnownFileType = sourcecode.swift; path = IconSelectorScreen.swift; sourceTree = "<group>"; };
		64EE9FA729194CEB00616478 /* IconCell.swift */ = {isa = PBXFileReference; lastKnownFileType = sourcecode.swift; path = IconCell.swift; sourceTree = "<group>"; };
		64EE9FA929195BA600616478 /* Icon.swift */ = {isa = PBXFileReference; lastKnownFileType = sourcecode.swift; path = Icon.swift; sourceTree = "<group>"; };
/* End PBXFileReference section */

/* Begin PBXFrameworksBuildPhase section */
		6499E90C283D095A0072AA7D /* Frameworks */ = {
			isa = PBXFrameworksBuildPhase;
			buildActionMask = 2147483647;
			files = (
			);
			runOnlyForDeploymentPostprocessing = 0;
		};
/* End PBXFrameworksBuildPhase section */

/* Begin PBXGroup section */
		64165656292B901E00905184 /* Extensions */ = {
			isa = PBXGroup;
			children = (
				64165652292B900700905184 /* Float+Extension.swift */,
				64165654292B901200905184 /* String+Extension.swift */,
				64EE9FA32919168500616478 /* Date+Extension.swift */,
			);
			path = Extensions;
			sourceTree = "<group>";
		};
		6499E906283D095A0072AA7D = {
			isa = PBXGroup;
			children = (
				6499E911283D095A0072AA7D /* FinanceTracker */,
				6499E910283D095A0072AA7D /* Products */,
			);
			sourceTree = "<group>";
		};
		6499E910283D095A0072AA7D /* Products */ = {
			isa = PBXGroup;
			children = (
				6499E90F283D095A0072AA7D /* FinanceTracker.app */,
			);
			name = Products;
			sourceTree = "<group>";
		};
		6499E911283D095A0072AA7D /* FinanceTracker */ = {
			isa = PBXGroup;
			children = (
				64165656292B901E00905184 /* Extensions */,
				6499E912283D095A0072AA7D /* FinanceTrackerApp.swift */,
				645F7D50284B8F6E0073B070 /* Currency.swift */,
				645F7D52284BA9330073B070 /* CurrencySelector.swift */,
				6499E914283D095A0072AA7D /* HomeView.swift */,
				6471B8382912D9BF00B161EB /* SettingsScreen.swift */,
				64D80D3B285201DA0058425D /* Transaction.swift */,
				64D80D3D2852029A0058425D /* TransactionCell.swift */,
				644F88BF284F441200F19AAF /* AccentButton.swift */,
				64D738CB2845139A00F4512E /* PreviewData.swift */,
				64BD23FE28416D1500EC8E7D /* AccountCell.swift */,
				64947946285E0DF600524334 /* AccountSelectorMenu.swift */,
				643DE79B2861B25B008808FB /* NewTransactionView.swift */,
				64BD2403284221FA00EC8E7D /* Account.swift */,
				64207F2A291A4C1A0027409E /* AccountMapper.swift */,
				64207F28291A4C0A0027409E /* RestAccount.swift */,
				64EE9FA929195BA600616478 /* Icon.swift */,
				64D80D392850DA730058425D /* AccountList.swift */,
				645F7D56284BBBEC0073B070 /* AccountCreationView.swift */,
				64EE9FA729194CEB00616478 /* IconCell.swift */,
				64B844952859C2E200E2E7DE /* AccountDetailView.swift */,
				645F7D5A284F3A300073B070 /* MainButton.swift */,
				645F7D58284E26C70073B070 /* IconSelector.swift */,
				64BCE032290EC26900CF64E6 /* FeedbackFloatingButton.swift */,
				64BCE034290ECAD800CF64E6 /* FeedbackFloatingButtonModifier.swift */,
				6422DA8728F20A5B002AC199 /* Color+Extension.swift */,
				64BCE038290EDF6400CF64E6 /* AirTableRepository.swift */,
				64BCE03A290EED7100CF64E6 /* API_KEY.swift */,
				64BCE03C290EF7E300CF64E6 /* PreferencesRepository.swift */,
				64BCE03E290EFB2900CF64E6 /* UserPreferences.swift */,
				64EE9FA12919093900616478 /* AmountKeyboardToolbar.swift */,
				64BCE036290ED03400CF64E6 /* FeedbackView.swift */,
				64EE9FA5291936A100616478 /* IconSelectorScreen.swift */,
				6499E916283D095E0072AA7D /* Assets.xcassets */,
				6499E918283D095E0072AA7D /* Preview Content */,
			);
			path = FinanceTracker;
			sourceTree = "<group>";
		};
		6499E918283D095E0072AA7D /* Preview Content */ = {
			isa = PBXGroup;
			children = (
				6499E919283D095E0072AA7D /* Preview Assets.xcassets */,
			);
			path = "Preview Content";
			sourceTree = "<group>";
		};
/* End PBXGroup section */

/* Begin PBXNativeTarget section */
		6499E90E283D095A0072AA7D /* FinanceTracker */ = {
			isa = PBXNativeTarget;
			buildConfigurationList = 6499E91D283D095E0072AA7D /* Build configuration list for PBXNativeTarget "FinanceTracker" */;
			buildPhases = (
				6499E90B283D095A0072AA7D /* Sources */,
				6499E90C283D095A0072AA7D /* Frameworks */,
				6499E90D283D095A0072AA7D /* Resources */,
			);
			buildRules = (
			);
			dependencies = (
			);
			name = FinanceTracker;
			productName = FinanceTracker;
			productReference = 6499E90F283D095A0072AA7D /* FinanceTracker.app */;
			productType = "com.apple.product-type.application";
		};
/* End PBXNativeTarget section */

/* Begin PBXProject section */
		6499E907283D095A0072AA7D /* Project object */ = {
			isa = PBXProject;
			attributes = {
				BuildIndependentTargetsInParallel = 1;
				LastSwiftUpdateCheck = 1340;
				LastUpgradeCheck = 1340;
				TargetAttributes = {
					6499E90E283D095A0072AA7D = {
						CreatedOnToolsVersion = 13.4;
					};
				};
			};
			buildConfigurationList = 6499E90A283D095A0072AA7D /* Build configuration list for PBXProject "FinanceTracker" */;
			compatibilityVersion = "Xcode 13.0";
			developmentRegion = en;
			hasScannedForEncodings = 0;
			knownRegions = (
				en,
				Base,
			);
			mainGroup = 6499E906283D095A0072AA7D;
			productRefGroup = 6499E910283D095A0072AA7D /* Products */;
			projectDirPath = "";
			projectRoot = "";
			targets = (
				6499E90E283D095A0072AA7D /* FinanceTracker */,
			);
		};
/* End PBXProject section */

/* Begin PBXResourcesBuildPhase section */
		6499E90D283D095A0072AA7D /* Resources */ = {
			isa = PBXResourcesBuildPhase;
			buildActionMask = 2147483647;
			files = (
				6499E91A283D095E0072AA7D /* Preview Assets.xcassets in Resources */,
				6499E917283D095E0072AA7D /* Assets.xcassets in Resources */,
			);
			runOnlyForDeploymentPostprocessing = 0;
		};
/* End PBXResourcesBuildPhase section */

/* Begin PBXSourcesBuildPhase section */
		6499E90B283D095A0072AA7D /* Sources */ = {
			isa = PBXSourcesBuildPhase;
			buildActionMask = 2147483647;
			files = (
				64EE9FA829194CEB00616478 /* IconCell.swift in Sources */,
				64BCE03F290EFB2900CF64E6 /* UserPreferences.swift in Sources */,
				64D80D3E2852029A0058425D /* TransactionCell.swift in Sources */,
				6422DA8828F20A5B002AC199 /* Color+Extension.swift in Sources */,
				645F7D51284B8F6E0073B070 /* Currency.swift in Sources */,
				645F7D57284BBBEC0073B070 /* AccountCreationView.swift in Sources */,
				64BCE03B290EED7100CF64E6 /* API_KEY.swift in Sources */,
				64B844962859C2E200E2E7DE /* AccountDetailView.swift in Sources */,
				64165655292B901200905184 /* String+Extension.swift in Sources */,
				64165653292B900700905184 /* Float+Extension.swift in Sources */,
				64D738CC2845139A00F4512E /* PreviewData.swift in Sources */,
				6499E915283D095A0072AA7D /* HomeView.swift in Sources */,
				645F7D5B284F3A300073B070 /* MainButton.swift in Sources */,
				64BCE033290EC26900CF64E6 /* FeedbackFloatingButton.swift in Sources */,
				64947947285E0DF600524334 /* AccountSelectorMenu.swift in Sources */,
				64D80D3C285201DA0058425D /* Transaction.swift in Sources */,
				64D80D3A2850DA730058425D /* AccountList.swift in Sources */,
				64EE9FAA29195BA600616478 /* Icon.swift in Sources */,
				645F7D53284BA9330073B070 /* CurrencySelector.swift in Sources */,
				64BCE039290EDF6400CF64E6 /* AirTableRepository.swift in Sources */,
				64BD2404284221FA00EC8E7D /* Account.swift in Sources */,
				64BCE03D290EF7E300CF64E6 /* PreferencesRepository.swift in Sources */,
				64EE9FA22919093900616478 /* AmountKeyboardToolbar.swift in Sources */,
				64BCE037290ED03400CF64E6 /* FeedbackView.swift in Sources */,
				644F88C0284F441200F19AAF /* AccentButton.swift in Sources */,
				64207F29291A4C0A0027409E /* RestAccount.swift in Sources */,
				6471B8392912D9BF00B161EB /* SettingsScreen.swift in Sources */,
				64BCE035290ECAD800CF64E6 /* FeedbackFloatingButtonModifier.swift in Sources */,
				643DE79C2861B25B008808FB /* NewTransactionView.swift in Sources */,
				64207F2B291A4C1A0027409E /* AccountMapper.swift in Sources */,
				64EE9FA6291936A100616478 /* IconSelectorScreen.swift in Sources */,
				6499E913283D095A0072AA7D /* FinanceTrackerApp.swift in Sources */,
				64EE9FA42919168500616478 /* Date+Extension.swift in Sources */,
				64BD23FF28416D1500EC8E7D /* AccountCell.swift in Sources */,
				645F7D59284E26C70073B070 /* IconSelector.swift in Sources */,
			);
			runOnlyForDeploymentPostprocessing = 0;
		};
/* End PBXSourcesBuildPhase section */

/* Begin XCBuildConfiguration section */
		6499E91B283D095E0072AA7D /* Debug */ = {
			isa = XCBuildConfiguration;
			buildSettings = {
				ALWAYS_SEARCH_USER_PATHS = NO;
				CLANG_ANALYZER_NONNULL = YES;
				CLANG_ANALYZER_NUMBER_OBJECT_CONVERSION = YES_AGGRESSIVE;
				CLANG_CXX_LANGUAGE_STANDARD = "gnu++17";
				CLANG_ENABLE_MODULES = YES;
				CLANG_ENABLE_OBJC_ARC = YES;
				CLANG_ENABLE_OBJC_WEAK = YES;
				CLANG_WARN_BLOCK_CAPTURE_AUTORELEASING = YES;
				CLANG_WARN_BOOL_CONVERSION = YES;
				CLANG_WARN_COMMA = YES;
				CLANG_WARN_CONSTANT_CONVERSION = YES;
				CLANG_WARN_DEPRECATED_OBJC_IMPLEMENTATIONS = YES;
				CLANG_WARN_DIRECT_OBJC_ISA_USAGE = YES_ERROR;
				CLANG_WARN_DOCUMENTATION_COMMENTS = YES;
				CLANG_WARN_EMPTY_BODY = YES;
				CLANG_WARN_ENUM_CONVERSION = YES;
				CLANG_WARN_INFINITE_RECURSION = YES;
				CLANG_WARN_INT_CONVERSION = YES;
				CLANG_WARN_NON_LITERAL_NULL_CONVERSION = YES;
				CLANG_WARN_OBJC_IMPLICIT_RETAIN_SELF = YES;
				CLANG_WARN_OBJC_LITERAL_CONVERSION = YES;
				CLANG_WARN_OBJC_ROOT_CLASS = YES_ERROR;
				CLANG_WARN_QUOTED_INCLUDE_IN_FRAMEWORK_HEADER = YES;
				CLANG_WARN_RANGE_LOOP_ANALYSIS = YES;
				CLANG_WARN_STRICT_PROTOTYPES = YES;
				CLANG_WARN_SUSPICIOUS_MOVE = YES;
				CLANG_WARN_UNGUARDED_AVAILABILITY = YES_AGGRESSIVE;
				CLANG_WARN_UNREACHABLE_CODE = YES;
				CLANG_WARN__DUPLICATE_METHOD_MATCH = YES;
				COPY_PHASE_STRIP = NO;
				DEBUG_INFORMATION_FORMAT = dwarf;
				ENABLE_STRICT_OBJC_MSGSEND = YES;
				ENABLE_TESTABILITY = YES;
				GCC_C_LANGUAGE_STANDARD = gnu11;
				GCC_DYNAMIC_NO_PIC = NO;
				GCC_NO_COMMON_BLOCKS = YES;
				GCC_OPTIMIZATION_LEVEL = 0;
				GCC_PREPROCESSOR_DEFINITIONS = (
					"DEBUG=1",
					"$(inherited)",
				);
				GCC_WARN_64_TO_32_BIT_CONVERSION = YES;
				GCC_WARN_ABOUT_RETURN_TYPE = YES_ERROR;
				GCC_WARN_UNDECLARED_SELECTOR = YES;
				GCC_WARN_UNINITIALIZED_AUTOS = YES_AGGRESSIVE;
				GCC_WARN_UNUSED_FUNCTION = YES;
				GCC_WARN_UNUSED_VARIABLE = YES;
				IPHONEOS_DEPLOYMENT_TARGET = 15.5;
				MTL_ENABLE_DEBUG_INFO = INCLUDE_SOURCE;
				MTL_FAST_MATH = YES;
				ONLY_ACTIVE_ARCH = YES;
				SDKROOT = iphoneos;
				SWIFT_ACTIVE_COMPILATION_CONDITIONS = DEBUG;
				SWIFT_OPTIMIZATION_LEVEL = "-Onone";
			};
			name = Debug;
		};
		6499E91C283D095E0072AA7D /* Release */ = {
			isa = XCBuildConfiguration;
			buildSettings = {
				ALWAYS_SEARCH_USER_PATHS = NO;
				CLANG_ANALYZER_NONNULL = YES;
				CLANG_ANALYZER_NUMBER_OBJECT_CONVERSION = YES_AGGRESSIVE;
				CLANG_CXX_LANGUAGE_STANDARD = "gnu++17";
				CLANG_ENABLE_MODULES = YES;
				CLANG_ENABLE_OBJC_ARC = YES;
				CLANG_ENABLE_OBJC_WEAK = YES;
				CLANG_WARN_BLOCK_CAPTURE_AUTORELEASING = YES;
				CLANG_WARN_BOOL_CONVERSION = YES;
				CLANG_WARN_COMMA = YES;
				CLANG_WARN_CONSTANT_CONVERSION = YES;
				CLANG_WARN_DEPRECATED_OBJC_IMPLEMENTATIONS = YES;
				CLANG_WARN_DIRECT_OBJC_ISA_USAGE = YES_ERROR;
				CLANG_WARN_DOCUMENTATION_COMMENTS = YES;
				CLANG_WARN_EMPTY_BODY = YES;
				CLANG_WARN_ENUM_CONVERSION = YES;
				CLANG_WARN_INFINITE_RECURSION = YES;
				CLANG_WARN_INT_CONVERSION = YES;
				CLANG_WARN_NON_LITERAL_NULL_CONVERSION = YES;
				CLANG_WARN_OBJC_IMPLICIT_RETAIN_SELF = YES;
				CLANG_WARN_OBJC_LITERAL_CONVERSION = YES;
				CLANG_WARN_OBJC_ROOT_CLASS = YES_ERROR;
				CLANG_WARN_QUOTED_INCLUDE_IN_FRAMEWORK_HEADER = YES;
				CLANG_WARN_RANGE_LOOP_ANALYSIS = YES;
				CLANG_WARN_STRICT_PROTOTYPES = YES;
				CLANG_WARN_SUSPICIOUS_MOVE = YES;
				CLANG_WARN_UNGUARDED_AVAILABILITY = YES_AGGRESSIVE;
				CLANG_WARN_UNREACHABLE_CODE = YES;
				CLANG_WARN__DUPLICATE_METHOD_MATCH = YES;
				COPY_PHASE_STRIP = NO;
				DEBUG_INFORMATION_FORMAT = "dwarf-with-dsym";
				ENABLE_NS_ASSERTIONS = NO;
				ENABLE_STRICT_OBJC_MSGSEND = YES;
				GCC_C_LANGUAGE_STANDARD = gnu11;
				GCC_NO_COMMON_BLOCKS = YES;
				GCC_WARN_64_TO_32_BIT_CONVERSION = YES;
				GCC_WARN_ABOUT_RETURN_TYPE = YES_ERROR;
				GCC_WARN_UNDECLARED_SELECTOR = YES;
				GCC_WARN_UNINITIALIZED_AUTOS = YES_AGGRESSIVE;
				GCC_WARN_UNUSED_FUNCTION = YES;
				GCC_WARN_UNUSED_VARIABLE = YES;
				IPHONEOS_DEPLOYMENT_TARGET = 15.5;
				MTL_ENABLE_DEBUG_INFO = NO;
				MTL_FAST_MATH = YES;
				SDKROOT = iphoneos;
				SWIFT_COMPILATION_MODE = wholemodule;
				SWIFT_OPTIMIZATION_LEVEL = "-O";
				VALIDATE_PRODUCT = YES;
			};
			name = Release;
		};
		6499E91E283D095E0072AA7D /* Debug */ = {
			isa = XCBuildConfiguration;
			buildSettings = {
				ASSETCATALOG_COMPILER_APPICON_NAME = AppIcon;
				ASSETCATALOG_COMPILER_GLOBAL_ACCENT_COLOR_NAME = AccentColor;
				CODE_SIGN_STYLE = Automatic;
				CURRENT_PROJECT_VERSION = 1;
				DEVELOPMENT_ASSET_PATHS = "\"FinanceTracker/Preview Content\"";
				DEVELOPMENT_TEAM = F3QT4Z4R2K;
				ENABLE_PREVIEWS = YES;
				GENERATE_INFOPLIST_FILE = YES;
				INFOPLIST_KEY_UIApplicationSceneManifest_Generation = YES;
				INFOPLIST_KEY_UIApplicationSupportsIndirectInputEvents = YES;
				INFOPLIST_KEY_UILaunchScreen_Generation = YES;
				INFOPLIST_KEY_UISupportedInterfaceOrientations_iPad = "UIInterfaceOrientationPortrait UIInterfaceOrientationPortraitUpsideDown UIInterfaceOrientationLandscapeLeft UIInterfaceOrientationLandscapeRight";
				INFOPLIST_KEY_UISupportedInterfaceOrientations_iPhone = "UIInterfaceOrientationPortrait UIInterfaceOrientationLandscapeLeft UIInterfaceOrientationLandscapeRight";
				LD_RUNPATH_SEARCH_PATHS = (
					"$(inherited)",
					"@executable_path/Frameworks",
				);
				MARKETING_VERSION = 1.0.5;
				PRODUCT_BUNDLE_IDENTIFIER = com.quentin.FinanceTracker;
				PRODUCT_NAME = "$(TARGET_NAME)";
				SUPPORTED_PLATFORMS = "iphoneos iphonesimulator";
				SUPPORTS_MACCATALYST = NO;
				SUPPORTS_MAC_DESIGNED_FOR_IPHONE_IPAD = NO;
				SWIFT_EMIT_LOC_STRINGS = YES;
				SWIFT_VERSION = 5.0;
				TARGETED_DEVICE_FAMILY = 1;
			};
			name = Debug;
		};
		6499E91F283D095E0072AA7D /* Release */ = {
			isa = XCBuildConfiguration;
			buildSettings = {
				ASSETCATALOG_COMPILER_APPICON_NAME = AppIcon;
				ASSETCATALOG_COMPILER_GLOBAL_ACCENT_COLOR_NAME = AccentColor;
				CODE_SIGN_STYLE = Automatic;
				CURRENT_PROJECT_VERSION = 1;
				DEVELOPMENT_ASSET_PATHS = "\"FinanceTracker/Preview Content\"";
				DEVELOPMENT_TEAM = F3QT4Z4R2K;
				ENABLE_PREVIEWS = YES;
				GENERATE_INFOPLIST_FILE = YES;
				INFOPLIST_KEY_UIApplicationSceneManifest_Generation = YES;
				INFOPLIST_KEY_UIApplicationSupportsIndirectInputEvents = YES;
				INFOPLIST_KEY_UILaunchScreen_Generation = YES;
				INFOPLIST_KEY_UISupportedInterfaceOrientations_iPad = "UIInterfaceOrientationPortrait UIInterfaceOrientationPortraitUpsideDown UIInterfaceOrientationLandscapeLeft UIInterfaceOrientationLandscapeRight";
				INFOPLIST_KEY_UISupportedInterfaceOrientations_iPhone = "UIInterfaceOrientationPortrait UIInterfaceOrientationLandscapeLeft UIInterfaceOrientationLandscapeRight";
				LD_RUNPATH_SEARCH_PATHS = (
					"$(inherited)",
					"@executable_path/Frameworks",
				);
				MARKETING_VERSION = 1.0.5;
				PRODUCT_BUNDLE_IDENTIFIER = com.quentin.FinanceTracker;
				PRODUCT_NAME = "$(TARGET_NAME)";
				SUPPORTED_PLATFORMS = "iphoneos iphonesimulator";
				SUPPORTS_MACCATALYST = NO;
				SUPPORTS_MAC_DESIGNED_FOR_IPHONE_IPAD = NO;
				SWIFT_EMIT_LOC_STRINGS = YES;
				SWIFT_VERSION = 5.0;
				TARGETED_DEVICE_FAMILY = 1;
			};
			name = Release;
		};
/* End XCBuildConfiguration section */

/* Begin XCConfigurationList section */
		6499E90A283D095A0072AA7D /* Build configuration list for PBXProject "FinanceTracker" */ = {
			isa = XCConfigurationList;
			buildConfigurations = (
				6499E91B283D095E0072AA7D /* Debug */,
				6499E91C283D095E0072AA7D /* Release */,
			);
			defaultConfigurationIsVisible = 0;
			defaultConfigurationName = Release;
		};
		6499E91D283D095E0072AA7D /* Build configuration list for PBXNativeTarget "FinanceTracker" */ = {
			isa = XCConfigurationList;
			buildConfigurations = (
				6499E91E283D095E0072AA7D /* Debug */,
				6499E91F283D095E0072AA7D /* Release */,
			);
			defaultConfigurationIsVisible = 0;
			defaultConfigurationName = Release;
		};
/* End XCConfigurationList section */
	};
	rootObject = 6499E907283D095A0072AA7D /* Project object */;
}
